
Microsoft Visual Studio Solution File, Format Version 12.00
# Visual Studio Version 17
VisualStudioVersion = 17.11.35222.181
MinimumVisualStudioVersion = 10.0.40219.1
Project("{888888A0-9F3D-457C-B088-3A5042F75D52}") = "TransDocs", "TransDocs.pyproj", "{ECD7AF65-668F-41FF-9C90-078A99CB787E}"
EndProject
Global
	GlobalSection(SolutionConfigurationPlatforms) = preSolution
		Debug|Any CPU = Debug|Any CPU
		Release|Any CPU = Release|Any CPU
	EndGlobalSection
	GlobalSection(ProjectConfigurationPlatforms) = postSolution
		{ECD7AF65-668F-41FF-9C90-078A99CB787E}.Debug|Any CPU.ActiveCfg = Debug|Any CPU
		{ECD7AF65-668F-41FF-9C90-078A99CB787E}.Debug|Any CPU.Build.0 = Debug|Any CPU
		{ECD7AF65-668F-41FF-9C90-078A99CB787E}.Release|Any CPU.ActiveCfg = Release|Any CPU
		{ECD7AF65-668F-41FF-9C90-078A99CB787E}.Release|Any CPU.Build.0 = Release|Any CPU
	EndGlobalSection
	GlobalSection(SolutionProperties) = preSolution
		HideSolutionNode = FALSE
	EndGlobalSection
	GlobalSection(ExtensibilityGlobals) = postSolution
		SolutionGuid = {04522468-FE03-4ABF-B6A0-4AC07FB534F1}
	EndGlobalSection
EndGlobal
